
Microsoft Visual Studio Solution File, Format Version 12.00
# Visual Studio Version 16
VisualStudioVersion = 16.0.30413.136
MinimumVisualStudioVersion = 10.0.40219.1
Project("{9A19103F-16F7-4668-BE54-9A1E7A4F7556}") = "ChekingSys", "ChekingSys\ChekingSys.csproj", "{ADA9659E-77A6-41A9-A5E1-ED922D829078}"
EndProject
Global
	GlobalSection(SolutionConfigurationPlatforms) = preSolution
		Debug|Any CPU = Debug|Any CPU
		Release|Any CPU = Release|Any CPU
	EndGlobalSection
	GlobalSection(ProjectConfigurationPlatforms) = postSolution
		{ADA9659E-77A6-41A9-A5E1-ED922D829078}.Debug|Any CPU.ActiveCfg = Debug|Any CPU
		{ADA9659E-77A6-41A9-A5E1-ED922D829078}.Debug|Any CPU.Build.0 = Debug|Any CPU
		{ADA9659E-77A6-41A9-A5E1-ED922D829078}.Release|Any CPU.ActiveCfg = Release|Any CPU
		{ADA9659E-77A6-41A9-A5E1-ED922D829078}.Release|Any CPU.Build.0 = Release|Any CPU
	EndGlobalSection
	GlobalSection(SolutionProperties) = preSolution
		HideSolutionNode = FALSE
	EndGlobalSection
	GlobalSection(ExtensibilityGlobals) = postSolution
		SolutionGuid = {8A27106A-F8AA-4378-8601-B1AC882A0BCE}
	EndGlobalSection
EndGlobal
